
Microsoft Visual Studio Solution File, Format Version 12.00
# Visual Studio Version 16
VisualStudioVersion = 16.0.32602.291
MinimumVisualStudioVersion = 10.0.40219.1
Project("{FAE04EC0-301F-11D3-BF4B-00C04F79EFBC}") = "BankingApp", "BankingApp\BankingApp.csproj", "{2FD5CFD0-B33C-43DD-A7D9-74403E7D31C0}"
EndProject
Global
	GlobalSection(SolutionConfigurationPlatforms) = preSolution
		Debug|Any CPU = Debug|Any CPU
		Release|Any CPU = Release|Any CPU
	EndGlobalSection
	GlobalSection(ProjectConfigurationPlatforms) = postSolution
		{2FD5CFD0-B33C-43DD-A7D9-74403E7D31C0}.Debug|Any CPU.ActiveCfg = Debug|Any CPU
		{2FD5CFD0-B33C-43DD-A7D9-74403E7D31C0}.Debug|Any CPU.Build.0 = Debug|Any CPU
		{2FD5CFD0-B33C-43DD-A7D9-74403E7D31C0}.Release|Any CPU.ActiveCfg = Release|Any CPU
		{2FD5CFD0-B33C-43DD-A7D9-74403E7D31C0}.Release|Any CPU.Build.0 = Release|Any CPU
	EndGlobalSection
	GlobalSection(SolutionProperties) = preSolution
		HideSolutionNode = FALSE
	EndGlobalSection
	GlobalSection(ExtensibilityGlobals) = postSolution
		SolutionGuid = {43B7A1DC-7415-4D85-AA1D-5456F47A3896}
	EndGlobalSection
EndGlobal
